
Microsoft Visual Studio Solution File, Format Version 12.00
# Visual Studio Version 16
VisualStudioVersion = 16.0.30711.63
MinimumVisualStudioVersion = 10.0.40219.1
Project("{FAE04EC0-301F-11D3-BF4B-00C04F79EFBC}") = "GFT", "GFT\GFT.csproj", "{93CBC611-E436-49D1-8D88-15D975121099}"
EndProject
Project("{FAE04EC0-301F-11D3-BF4B-00C04F79EFBC}") = "GFT.Facades", "Facades\GFT.Facades.csproj", "{134340B1-925B-4DAA-BA9C-973752446997}"
EndProject
Project("{FAE04EC0-301F-11D3-BF4B-00C04F79EFBC}") = "GFT.Models", "GFT.Models\GFT.Models.csproj", "{094A6E00-CF42-4742-9168-356B2A28705E}"
EndProject
Global
	GlobalSection(SolutionConfigurationPlatforms) = preSolution
		Debug|Any CPU = Debug|Any CPU
		Release|Any CPU = Release|Any CPU
	EndGlobalSection
	GlobalSection(ProjectConfigurationPlatforms) = postSolution
		{93CBC611-E436-49D1-8D88-15D975121099}.Debug|Any CPU.ActiveCfg = Debug|Any CPU
		{93CBC611-E436-49D1-8D88-15D975121099}.Debug|Any CPU.Build.0 = Debug|Any CPU
		{93CBC611-E436-49D1-8D88-15D975121099}.Release|Any CPU.ActiveCfg = Release|Any CPU
		{93CBC611-E436-49D1-8D88-15D975121099}.Release|Any CPU.Build.0 = Release|Any CPU
		{134340B1-925B-4DAA-BA9C-973752446997}.Debug|Any CPU.ActiveCfg = Debug|Any CPU
		{134340B1-925B-4DAA-BA9C-973752446997}.Debug|Any CPU.Build.0 = Debug|Any CPU
		{134340B1-925B-4DAA-BA9C-973752446997}.Release|Any CPU.ActiveCfg = Release|Any CPU
		{134340B1-925B-4DAA-BA9C-973752446997}.Release|Any CPU.Build.0 = Release|Any CPU
		{094A6E00-CF42-4742-9168-356B2A28705E}.Debug|Any CPU.ActiveCfg = Debug|Any CPU
		{094A6E00-CF42-4742-9168-356B2A28705E}.Debug|Any CPU.Build.0 = Debug|Any CPU
		{094A6E00-CF42-4742-9168-356B2A28705E}.Release|Any CPU.ActiveCfg = Release|Any CPU
		{094A6E00-CF42-4742-9168-356B2A28705E}.Release|Any CPU.Build.0 = Release|Any CPU
	EndGlobalSection
	GlobalSection(SolutionProperties) = preSolution
		HideSolutionNode = FALSE
	EndGlobalSection
	GlobalSection(ExtensibilityGlobals) = postSolution
		SolutionGuid = {B443104C-D5D9-4699-B57E-7FE7B0644339}
	EndGlobalSection
EndGlobal
